
Microsoft Visual Studio Solution File, Format Version 12.00
# Visual Studio Version 17
VisualStudioVersion = 17.7.34024.191
MinimumVisualStudioVersion = 10.0.40219.1
Project("{FAE04EC0-301F-11D3-BF4B-00C04F79EFBC}") = "WindowsFormsApp23", "WindowsFormsApp23.csproj", "{AF762258-267A-41E3-9EBD-EFF141CFF45B}"
EndProject
Global
	GlobalSection(SolutionConfigurationPlatforms) = preSolution
		Debug|Any CPU = Debug|Any CPU
		Release|Any CPU = Release|Any CPU
	EndGlobalSection
	GlobalSection(ProjectConfigurationPlatforms) = postSolution
		{AF762258-267A-41E3-9EBD-EFF141CFF45B}.Debug|Any CPU.ActiveCfg = Debug|Any CPU
		{AF762258-267A-41E3-9EBD-EFF141CFF45B}.Debug|Any CPU.Build.0 = Debug|Any CPU
		{AF762258-267A-41E3-9EBD-EFF141CFF45B}.Release|Any CPU.ActiveCfg = Release|Any CPU
		{AF762258-267A-41E3-9EBD-EFF141CFF45B}.Release|Any CPU.Build.0 = Release|Any CPU
	EndGlobalSection
	GlobalSection(SolutionProperties) = preSolution
		HideSolutionNode = FALSE
	EndGlobalSection
	GlobalSection(ExtensibilityGlobals) = postSolution
		SolutionGuid = {D7E0C966-BD30-4469-ADC9-98D478DF45E5}
	EndGlobalSection
EndGlobal
