
Microsoft Visual Studio Solution File, Format Version 12.00
# Visual Studio Version 17
VisualStudioVersion = 17.7.34024.191
MinimumVisualStudioVersion = 10.0.40219.1
Project("{FAE04EC0-301F-11D3-BF4B-00C04F79EFBC}") = "WindowsFormsApp12", "WindowsFormsApp12.csproj", "{74EAB3F7-ECB4-4B0C-8A40-22DFB3FFC84E}"
EndProject
Global
	GlobalSection(SolutionConfigurationPlatforms) = preSolution
		Debug|Any CPU = Debug|Any CPU
		Release|Any CPU = Release|Any CPU
	EndGlobalSection
	GlobalSection(ProjectConfigurationPlatforms) = postSolution
		{74EAB3F7-ECB4-4B0C-8A40-22DFB3FFC84E}.Debug|Any CPU.ActiveCfg = Debug|Any CPU
		{74EAB3F7-ECB4-4B0C-8A40-22DFB3FFC84E}.Debug|Any CPU.Build.0 = Debug|Any CPU
		{74EAB3F7-ECB4-4B0C-8A40-22DFB3FFC84E}.Release|Any CPU.ActiveCfg = Release|Any CPU
		{74EAB3F7-ECB4-4B0C-8A40-22DFB3FFC84E}.Release|Any CPU.Build.0 = Release|Any CPU
	EndGlobalSection
	GlobalSection(SolutionProperties) = preSolution
		HideSolutionNode = FALSE
	EndGlobalSection
	GlobalSection(ExtensibilityGlobals) = postSolution
		SolutionGuid = {70CC6010-DEB6-4B61-86AB-5009EE3B67C7}
	EndGlobalSection
EndGlobal
