
Microsoft Visual Studio Solution File, Format Version 12.00
# Visual Studio Version 17
VisualStudioVersion = 17.8.34309.116
MinimumVisualStudioVersion = 10.0.40219.1
Project("{FAE04EC0-301F-11D3-BF4B-00C04F79EFBC}") = "WindowsFormsApp1", "WindowsFormsApp1\WindowsFormsApp1.csproj", "{E0DB52DF-1ACB-4316-9D8E-A6290342B60B}"
EndProject
Global
	GlobalSection(SolutionConfigurationPlatforms) = preSolution
		Debug|Any CPU = Debug|Any CPU
		Release|Any CPU = Release|Any CPU
	EndGlobalSection
	GlobalSection(ProjectConfigurationPlatforms) = postSolution
		{E0DB52DF-1ACB-4316-9D8E-A6290342B60B}.Debug|Any CPU.ActiveCfg = Debug|Any CPU
		{E0DB52DF-1ACB-4316-9D8E-A6290342B60B}.Debug|Any CPU.Build.0 = Debug|Any CPU
		{E0DB52DF-1ACB-4316-9D8E-A6290342B60B}.Release|Any CPU.ActiveCfg = Release|Any CPU
		{E0DB52DF-1ACB-4316-9D8E-A6290342B60B}.Release|Any CPU.Build.0 = Release|Any CPU
	EndGlobalSection
	GlobalSection(SolutionProperties) = preSolution
		HideSolutionNode = FALSE
	EndGlobalSection
	GlobalSection(ExtensibilityGlobals) = postSolution
		SolutionGuid = {B5C73DF3-6159-43AC-91AE-1BC09D11B7A2}
	EndGlobalSection
EndGlobal
